
Microsoft Visual Studio Solution File, Format Version 12.00
# Visual Studio 15
VisualStudioVersion = 15.0.26730.12
MinimumVisualStudioVersion = 10.0.40219.1
Project("{FAE04EC0-301F-11D3-BF4B-00C04F79EFBC}") = "TaksitlendirmeProgrami", "TaksitlendirmeProgrami\TaksitlendirmeProgrami.csproj", "{22E5AABE-0E4E-4C3B-8225-C6F10D671C4B}"
EndProject
Global
	GlobalSection(SolutionConfigurationPlatforms) = preSolution
		Debug|Any CPU = Debug|Any CPU
		Release|Any CPU = Release|Any CPU
	EndGlobalSection
	GlobalSection(ProjectConfigurationPlatforms) = postSolution
		{22E5AABE-0E4E-4C3B-8225-C6F10D671C4B}.Debug|Any CPU.ActiveCfg = Debug|Any CPU
		{22E5AABE-0E4E-4C3B-8225-C6F10D671C4B}.Debug|Any CPU.Build.0 = Debug|Any CPU
		{22E5AABE-0E4E-4C3B-8225-C6F10D671C4B}.Release|Any CPU.ActiveCfg = Release|Any CPU
		{22E5AABE-0E4E-4C3B-8225-C6F10D671C4B}.Release|Any CPU.Build.0 = Release|Any CPU
	EndGlobalSection
	GlobalSection(SolutionProperties) = preSolution
		HideSolutionNode = FALSE
	EndGlobalSection
	GlobalSection(ExtensibilityGlobals) = postSolution
		SolutionGuid = {E2B06429-9411-43D6-9F79-6C788290A77C}
	EndGlobalSection
EndGlobal
